
Microsoft Visual Studio Solution File, Format Version 12.00
# Visual Studio Version 17
VisualStudioVersion = 17.6.33829.357
MinimumVisualStudioVersion = 10.0.40219.1
Project("{FAE04EC0-301F-11D3-BF4B-00C04F79EFBC}") = "PetMate", "PetMate\PetMate.csproj", "{D46BBDC7-22D0-496F-876F-BADD72E923F5}"
EndProject
Global
	GlobalSection(SolutionConfigurationPlatforms) = preSolution
		Debug|Any CPU = Debug|Any CPU
		Release|Any CPU = Release|Any CPU
	EndGlobalSection
	GlobalSection(ProjectConfigurationPlatforms) = postSolution
		{D46BBDC7-22D0-496F-876F-BADD72E923F5}.Debug|Any CPU.ActiveCfg = Debug|Any CPU
		{D46BBDC7-22D0-496F-876F-BADD72E923F5}.Debug|Any CPU.Build.0 = Debug|Any CPU
		{D46BBDC7-22D0-496F-876F-BADD72E923F5}.Release|Any CPU.ActiveCfg = Release|Any CPU
		{D46BBDC7-22D0-496F-876F-BADD72E923F5}.Release|Any CPU.Build.0 = Release|Any CPU
	EndGlobalSection
	GlobalSection(SolutionProperties) = preSolution
		HideSolutionNode = FALSE
	EndGlobalSection
	GlobalSection(ExtensibilityGlobals) = postSolution
		SolutionGuid = {4C9BD0F3-F33D-4C5E-BCA8-548C381C4483}
	EndGlobalSection
EndGlobal
